Microsoft Visual Studio Solution File, Format Version 12.00
# Visual Studio Version 17
VisualStudioVersion = 17.5.2.0
MinimumVisualStudioVersion = 10.0.40219.1
Project("{FAE04EC0-301F-11D3-BF4B-00C04F79EFBC}") = "MinimalDotNetApp", "MinimalDotNetApp.csproj", "{A5F78BA1-0E38-0C38-B4CC-24448E4E98A6}"
EndProject
Global
	GlobalSection(SolutionConfigurationPlatforms) = preSolution
		Debug|Any CPU = Debug|Any CPU
		Release|Any CPU = Release|Any CPU
	EndGlobalSection
	GlobalSection(ProjectConfigurationPlatforms) = postSolution
		{A5F78BA1-0E38-0C38-B4CC-24448E4E98A6}.Debug|Any CPU.ActiveCfg = Debug|Any CPU
		{A5F78BA1-0E38-0C38-B4CC-24448E4E98A6}.Debug|Any CPU.Build.0 = Debug|Any CPU
		{A5F78BA1-0E38-0C38-B4CC-24448E4E98A6}.Release|Any CPU.ActiveCfg = Release|Any CPU
		{A5F78BA1-0E38-0C38-B4CC-24448E4E98A6}.Release|Any CPU.Build.0 = Release|Any CPU
	EndGlobalSection
	GlobalSection(SolutionProperties) = preSolution
		HideSolutionNode = FALSE
	EndGlobalSection
	GlobalSection(ExtensibilityGlobals) = postSolution
		SolutionGuid = {CFB7C192-E2C8-4984-9966-A7759DCC8A4B}
	EndGlobalSection
EndGlobal
